
Microsoft Visual Studio Solution File, Format Version 12.00
# Visual Studio Version 17
VisualStudioVersion = 17.5.33424.131
MinimumVisualStudioVersion = 10.0.40219.1
Project("{8BC9CEB8-8B4A-11D0-8D11-00A0C91BC942}") = "c++", "c\c.vcxproj", "{09531AC5-71D8-4FE0-85E9-16093D9929A9}"
EndProject
Project("{8BC9CEB8-8B4A-11D0-8D11-00A0C91BC942}") = "作用域运算符", "作用域运算符\作用域运算符.vcxproj", "{B9631388-117F-442F-906F-ADBC2D6A02FB}"
EndProject
Project("{8BC9CEB8-8B4A-11D0-8D11-00A0C91BC942}") = "命名空间使用语法", "命名空间使用语法\命名空间使用语法.vcxproj", "{6A0B37EC-8DCD-42BE-8222-57D5A7A9789F}"
EndProject
Project("{8BC9CEB8-8B4A-11D0-8D11-00A0C91BC942}") = "using的使用", "using的使用\using的使用.vcxproj", "{488CADBE-CC65-4D93-8376-7E265FE86829}"
EndProject
Project("{8BC9CEB8-8B4A-11D0-8D11-00A0C91BC942}") = "c与c++的区别", "c与c++的区别\c与c++的区别.vcxproj", "{3A50692F-D9F4-459F-A88E-5EB6C3AC5FAC}"
EndProject
Project("{8BC9CEB8-8B4A-11D0-8D11-00A0C91BC942}") = "别名的使用", "别名的使用\别名的使用.vcxproj", "{09A37D96-F4B9-4D25-9CD7-41D51312E0F1}"
EndProject
Project("{8BC9CEB8-8B4A-11D0-8D11-00A0C91BC942}") = "参数的传递方式", "参数的传递方式\参数的传递方式.vcxproj", "{6FF888D1-228C-4F61-8FF2-74B6A54F5128}"
EndProject
Project("{8BC9CEB8-8B4A-11D0-8D11-00A0C91BC942}") = "指针引用", "指针引用\指针引用.vcxproj", "{B0C9C98D-231C-482E-87F4-F9B3D53E567B}"
EndProject
Project("{8BC9CEB8-8B4A-11D0-8D11-00A0C91BC942}") = "常量的引用", "常量的引用\常量的引用.vcxproj", "{8216C455-738C-42C1-A627-44F8728497D7}"
EndProject
Project("{8BC9CEB8-8B4A-11D0-8D11-00A0C91BC942}") = "类_圆的周长", "类_圆的周长\类_圆的周长.vcxproj", "{0E8B0CF8-9656-40C7-A80A-359C7112D109}"
EndProject
Project("{8BC9CEB8-8B4A-11D0-8D11-00A0C91BC942}") = "内联函数引出_宏缺陷", "内联函数引出_宏缺陷\内联函数引出_宏缺陷.vcxproj", "{F3EA50A8-5AB0-44E0-8E39-78A13D50DA22}"
EndProject
Project("{8BC9CEB8-8B4A-11D0-8D11-00A0C91BC942}") = "函数的默认参数和占位参数", "函数的默认参数和占位参数\函数的默认参数和占位参数.vcxproj", "{3CD40619-1A85-494C-BAFD-3E970EFA8719}"
EndProject
Project("{8BC9CEB8-8B4A-11D0-8D11-00A0C91BC942}") = "函数重载", "函数重载\函数重载.vcxproj", "{D1B6FC12-FC1B-4A22-BA32-823426E741B0}"
EndProject
Project("{8BC9CEB8-8B4A-11D0-8D11-00A0C91BC942}") = "externC浅析", "externC浅析\externC浅析.vcxproj", "{3D47D57F-8EAF-4974-B309-36296F128373}"
EndProject
Project("{8BC9CEB8-8B4A-11D0-8D11-00A0C91BC942}") = "c++语言下的封装", "c++语言下的封装\c++语言下的封装.vcxproj", "{BEF92E89-0A04-4E2E-BC49-B9DB08D6F783}"
EndProject
Project("{8BC9CEB8-8B4A-11D0-8D11-00A0C91BC942}") = "c语言下封装的实现", "c语言下封装的实现\c语言下封装的实现.vcxproj", "{562E6CF2-C1E7-4611-A1AC-DD67C0696DFF}"
EndProject
Project("{8BC9CEB8-8B4A-11D0-8D11-00A0C91BC942}") = "尽量将成员属性设置为私有", "尽量将成员属性设置为私有\尽量将成员属性设置为私有.vcxproj", "{51B28B27-0F84-4797-8AE8-DC301AA48C5F}"
EndProject
Global
	GlobalSection(SolutionConfigurationPlatforms) = preSolution
		Debug|x64 = Debug|x64
		Debug|x86 = Debug|x86
		Release|x64 = Release|x64
		Release|x86 = Release|x86
	EndGlobalSection
	GlobalSection(ProjectConfigurationPlatforms) = postSolution
		{09531AC5-71D8-4FE0-85E9-16093D9929A9}.Debug|x64.ActiveCfg = Debug|x64
		{09531AC5-71D8-4FE0-85E9-16093D9929A9}.Debug|x64.Build.0 = Debug|x64
		{09531AC5-71D8-4FE0-85E9-16093D9929A9}.Debug|x86.ActiveCfg = Debug|Win32
		{09531AC5-71D8-4FE0-85E9-16093D9929A9}.Debug|x86.Build.0 = Debug|Win32
		{09531AC5-71D8-4FE0-85E9-16093D9929A9}.Release|x64.ActiveCfg = Release|x64
		{09531AC5-71D8-4FE0-85E9-16093D9929A9}.Release|x64.Build.0 = Release|x64
		{09531AC5-71D8-4FE0-85E9-16093D9929A9}.Release|x86.ActiveCfg = Release|Win32
		{09531AC5-71D8-4FE0-85E9-16093D9929A9}.Release|x86.Build.0 = Release|Win32
		{B9631388-117F-442F-906F-ADBC2D6A02FB}.Debug|x64.ActiveCfg = Debug|x64
		{B9631388-117F-442F-906F-ADBC2D6A02FB}.Debug|x64.Build.0 = Debug|x64
		{B9631388-117F-442F-906F-ADBC2D6A02FB}.Debug|x86.ActiveCfg = Debug|Win32
		{B9631388-117F-442F-906F-ADBC2D6A02FB}.Debug|x86.Build.0 = Debug|Win32
		{B9631388-117F-442F-906F-ADBC2D6A02FB}.Release|x64.ActiveCfg = Release|x64
		{B9631388-117F-442F-906F-ADBC2D6A02FB}.Release|x64.Build.0 = Release|x64
		{B9631388-117F-442F-906F-ADBC2D6A02FB}.Release|x86.ActiveCfg = Release|Win32
		{B9631388-117F-442F-906F-ADBC2D6A02FB}.Release|x86.Build.0 = Release|Win32
		{6A0B37EC-8DCD-42BE-8222-57D5A7A9789F}.Debug|x64.ActiveCfg = Debug|x64
		{6A0B37EC-8DCD-42BE-8222-57D5A7A9789F}.Debug|x64.Build.0 = Debug|x64
		{6A0B37EC-8DCD-42BE-8222-57D5A7A9789F}.Debug|x86.ActiveCfg = Debug|Win32
		{6A0B37EC-8DCD-42BE-8222-57D5A7A9789F}.Debug|x86.Build.0 = Debug|Win32
		{6A0B37EC-8DCD-42BE-8222-57D5A7A9789F}.Release|x64.ActiveCfg = Release|x64
		{6A0B37EC-8DCD-42BE-8222-57D5A7A9789F}.Release|x64.Build.0 = Release|x64
		{6A0B37EC-8DCD-42BE-8222-57D5A7A9789F}.Release|x86.ActiveCfg = Release|Win32
		{6A0B37EC-8DCD-42BE-8222-57D5A7A9789F}.Release|x86.Build.0 = Release|Win32
		{488CADBE-CC65-4D93-8376-7E265FE86829}.Debug|x64.ActiveCfg = Debug|x64
		{488CADBE-CC65-4D93-8376-7E265FE86829}.Debug|x64.Build.0 = Debug|x64
		{488CADBE-CC65-4D93-8376-7E265FE86829}.Debug|x86.ActiveCfg = Debug|Win32
		{488CADBE-CC65-4D93-8376-7E265FE86829}.Debug|x86.Build.0 = Debug|Win32
		{488CADBE-CC65-4D93-8376-7E265FE86829}.Release|x64.ActiveCfg = Release|x64
		{488CADBE-CC65-4D93-8376-7E265FE86829}.Release|x64.Build.0 = Release|x64
		{488CADBE-CC65-4D93-8376-7E265FE86829}.Release|x86.ActiveCfg = Release|Win32
		{488CADBE-CC65-4D93-8376-7E265FE86829}.Release|x86.Build.0 = Release|Win32
		{3A50692F-D9F4-459F-A88E-5EB6C3AC5FAC}.Debug|x64.ActiveCfg = Debug|x64
		{3A50692F-D9F4-459F-A88E-5EB6C3AC5FAC}.Debug|x64.Build.0 = Debug|x64
		{3A50692F-D9F4-459F-A88E-5EB6C3AC5FAC}.Debug|x86.ActiveCfg = Debug|Win32
		{3A50692F-D9F4-459F-A88E-5EB6C3AC5FAC}.Debug|x86.Build.0 = Debug|Win32
		{3A50692F-D9F4-459F-A88E-5EB6C3AC5FAC}.Release|x64.ActiveCfg = Release|x64
		{3A50692F-D9F4-459F-A88E-5EB6C3AC5FAC}.Release|x64.Build.0 = Release|x64
		{3A50692F-D9F4-459F-A88E-5EB6C3AC5FAC}.Release|x86.ActiveCfg = Release|Win32
		{3A50692F-D9F4-459F-A88E-5EB6C3AC5FAC}.Release|x86.Build.0 = Release|Win32
		{09A37D96-F4B9-4D25-9CD7-41D51312E0F1}.Debug|x64.ActiveCfg = Debug|x64
		{09A37D96-F4B9-4D25-9CD7-41D51312E0F1}.Debug|x64.Build.0 = Debug|x64
		{09A37D96-F4B9-4D25-9CD7-41D51312E0F1}.Debug|x86.ActiveCfg = Debug|Win32
		{09A37D96-F4B9-4D25-9CD7-41D51312E0F1}.Debug|x86.Build.0 = Debug|Win32
		{09A37D96-F4B9-4D25-9CD7-41D51312E0F1}.Release|x64.ActiveCfg = Release|x64
		{09A37D96-F4B9-4D25-9CD7-41D51312E0F1}.Release|x64.Build.0 = Release|x64
		{09A37D96-F4B9-4D25-9CD7-41D51312E0F1}.Release|x86.ActiveCfg = Release|Win32
		{09A37D96-F4B9-4D25-9CD7-41D51312E0F1}.Release|x86.Build.0 = Release|Win32
		{6FF888D1-228C-4F61-8FF2-74B6A54F5128}.Debug|x64.ActiveCfg = Debug|x64
		{6FF888D1-228C-4F61-8FF2-74B6A54F5128}.Debug|x64.Build.0 = Debug|x64
		{6FF888D1-228C-4F61-8FF2-74B6A54F5128}.Debug|x86.ActiveCfg = Debug|Win32
		{6FF888D1-228C-4F61-8FF2-74B6A54F5128}.Debug|x86.Build.0 = Debug|Win32
		{6FF888D1-228C-4F61-8FF2-74B6A54F5128}.Release|x64.ActiveCfg = Release|x64
		{6FF888D1-228C-4F61-8FF2-74B6A54F5128}.Release|x64.Build.0 = Release|x64
		{6FF888D1-228C-4F61-8FF2-74B6A54F5128}.Release|x86.ActiveCfg = Release|Win32
		{6FF888D1-228C-4F61-8FF2-74B6A54F5128}.Release|x86.Build.0 = Release|Win32
		{B0C9C98D-231C-482E-87F4-F9B3D53E567B}.Debug|x64.ActiveCfg = Debug|x64
		{B0C9C98D-231C-482E-87F4-F9B3D53E567B}.Debug|x64.Build.0 = Debug|x64
		{B0C9C98D-231C-482E-87F4-F9B3D53E567B}.Debug|x86.ActiveCfg = Debug|Win32
		{B0C9C98D-231C-482E-87F4-F9B3D53E567B}.Debug|x86.Build.0 = Debug|Win32
		{B0C9C98D-231C-482E-87F4-F9B3D53E567B}.Release|x64.ActiveCfg = Release|x64
		{B0C9C98D-231C-482E-87F4-F9B3D53E567B}.Release|x64.Build.0 = Release|x64
		{B0C9C98D-231C-482E-87F4-F9B3D53E567B}.Release|x86.ActiveCfg = Release|Win32
		{B0C9C98D-231C-482E-87F4-F9B3D53E567B}.Release|x86.Build.0 = Release|Win32
		{8216C455-738C-42C1-A627-44F8728497D7}.Debug|x64.ActiveCfg = Debug|x64
		{8216C455-738C-42C1-A627-44F8728497D7}.Debug|x64.Build.0 = Debug|x64
		{8216C455-738C-42C1-A627-44F8728497D7}.Debug|x86.ActiveCfg = Debug|Win32
		{8216C455-738C-42C1-A627-44F8728497D7}.Debug|x86.Build.0 = Debug|Win32
		{8216C455-738C-42C1-A627-44F8728497D7}.Release|x64.ActiveCfg = Release|x64
		{8216C455-738C-42C1-A627-44F8728497D7}.Release|x64.Build.0 = Release|x64
		{8216C455-738C-42C1-A627-44F8728497D7}.Release|x86.ActiveCfg = Release|Win32
		{8216C455-738C-42C1-A627-44F8728497D7}.Release|x86.Build.0 = Release|Win32
		{0E8B0CF8-9656-40C7-A80A-359C7112D109}.Debug|x64.ActiveCfg = Debug|x64
		{0E8B0CF8-9656-40C7-A80A-359C7112D109}.Debug|x64.Build.0 = Debug|x64
		{0E8B0CF8-9656-40C7-A80A-359C7112D109}.Debug|x86.ActiveCfg = Debug|Win32
		{0E8B0CF8-9656-40C7-A80A-359C7112D109}.Debug|x86.Build.0 = Debug|Win32
		{0E8B0CF8-9656-40C7-A80A-359C7112D109}.Release|x64.ActiveCfg = Release|x64
		{0E8B0CF8-9656-40C7-A80A-359C7112D109}.Release|x64.Build.0 = Release|x64
		{0E8B0CF8-9656-40C7-A80A-359C7112D109}.Release|x86.ActiveCfg = Release|Win32
		{0E8B0CF8-9656-40C7-A80A-359C7112D109}.Release|x86.Build.0 = Release|Win32
		{F3EA50A8-5AB0-44E0-8E39-78A13D50DA22}.Debug|x64.ActiveCfg = Debug|x64
		{F3EA50A8-5AB0-44E0-8E39-78A13D50DA22}.Debug|x64.Build.0 = Debug|x64
		{F3EA50A8-5AB0-44E0-8E39-78A13D50DA22}.Debug|x86.ActiveCfg = Debug|Win32
		{F3EA50A8-5AB0-44E0-8E39-78A13D50DA22}.Debug|x86.Build.0 = Debug|Win32
		{F3EA50A8-5AB0-44E0-8E39-78A13D50DA22}.Release|x64.ActiveCfg = Release|x64
		{F3EA50A8-5AB0-44E0-8E39-78A13D50DA22}.Release|x64.Build.0 = Release|x64
		{F3EA50A8-5AB0-44E0-8E39-78A13D50DA22}.Release|x86.ActiveCfg = Release|Win32
		{F3EA50A8-5AB0-44E0-8E39-78A13D50DA22}.Release|x86.Build.0 = Release|Win32
		{3CD40619-1A85-494C-BAFD-3E970EFA8719}.Debug|x64.ActiveCfg = Debug|x64
		{3CD40619-1A85-494C-BAFD-3E970EFA8719}.Debug|x64.Build.0 = Debug|x64
		{3CD40619-1A85-494C-BAFD-3E970EFA8719}.Debug|x86.ActiveCfg = Debug|Win32
		{3CD40619-1A85-494C-BAFD-3E970EFA8719}.Debug|x86.Build.0 = Debug|Win32
		{3CD40619-1A85-494C-BAFD-3E970EFA8719}.Release|x64.ActiveCfg = Release|x64
		{3CD40619-1A85-494C-BAFD-3E970EFA8719}.Release|x64.Build.0 = Release|x64
		{3CD40619-1A85-494C-BAFD-3E970EFA8719}.Release|x86.ActiveCfg = Release|Win32
		{3CD40619-1A85-494C-BAFD-3E970EFA8719}.Release|x86.Build.0 = Release|Win32
		{D1B6FC12-FC1B-4A22-BA32-823426E741B0}.Debug|x64.ActiveCfg = Debug|x64
		{D1B6FC12-FC1B-4A22-BA32-823426E741B0}.Debug|x64.Build.0 = Debug|x64
		{D1B6FC12-FC1B-4A22-BA32-823426E741B0}.Debug|x86.ActiveCfg = Debug|Win32
		{D1B6FC12-FC1B-4A22-BA32-823426E741B0}.Debug|x86.Build.0 = Debug|Win32
		{D1B6FC12-FC1B-4A22-BA32-823426E741B0}.Release|x64.ActiveCfg = Release|x64
		{D1B6FC12-FC1B-4A22-BA32-823426E741B0}.Release|x64.Build.0 = Release|x64
		{D1B6FC12-FC1B-4A22-BA32-823426E741B0}.Release|x86.ActiveCfg = Release|Win32
		{D1B6FC12-FC1B-4A22-BA32-823426E741B0}.Release|x86.Build.0 = Release|Win32
		{3D47D57F-8EAF-4974-B309-36296F128373}.Debug|x64.ActiveCfg = Debug|x64
		{3D47D57F-8EAF-4974-B309-36296F128373}.Debug|x64.Build.0 = Debug|x64
		{3D47D57F-8EAF-4974-B309-36296F128373}.Debug|x86.ActiveCfg = Debug|Win32
		{3D47D57F-8EAF-4974-B309-36296F128373}.Debug|x86.Build.0 = Debug|Win32
		{3D47D57F-8EAF-4974-B309-36296F128373}.Release|x64.ActiveCfg = Release|x64
		{3D47D57F-8EAF-4974-B309-36296F128373}.Release|x64.Build.0 = Release|x64
		{3D47D57F-8EAF-4974-B309-36296F128373}.Release|x86.ActiveCfg = Release|Win32
		{3D47D57F-8EAF-4974-B309-36296F128373}.Release|x86.Build.0 = Release|Win32
		{BEF92E89-0A04-4E2E-BC49-B9DB08D6F783}.Debug|x64.ActiveCfg = Debug|x64
		{BEF92E89-0A04-4E2E-BC49-B9DB08D6F783}.Debug|x64.Build.0 = Debug|x64
		{BEF92E89-0A04-4E2E-BC49-B9DB08D6F783}.Debug|x86.ActiveCfg = Debug|Win32
		{BEF92E89-0A04-4E2E-BC49-B9DB08D6F783}.Debug|x86.Build.0 = Debug|Win32
		{BEF92E89-0A04-4E2E-BC49-B9DB08D6F783}.Release|x64.ActiveCfg = Release|x64
		{BEF92E89-0A04-4E2E-BC49-B9DB08D6F783}.Release|x64.Build.0 = Release|x64
		{BEF92E89-0A04-4E2E-BC49-B9DB08D6F783}.Release|x86.ActiveCfg = Release|Win32
		{BEF92E89-0A04-4E2E-BC49-B9DB08D6F783}.Release|x86.Build.0 = Release|Win32
		{562E6CF2-C1E7-4611-A1AC-DD67C0696DFF}.Debug|x64.ActiveCfg = Debug|x64
		{562E6CF2-C1E7-4611-A1AC-DD67C0696DFF}.Debug|x64.Build.0 = Debug|x64
		{562E6CF2-C1E7-4611-A1AC-DD67C0696DFF}.Debug|x86.ActiveCfg = Debug|Win32
		{562E6CF2-C1E7-4611-A1AC-DD67C0696DFF}.Debug|x86.Build.0 = Debug|Win32
		{562E6CF2-C1E7-4611-A1AC-DD67C0696DFF}.Release|x64.ActiveCfg = Release|x64
		{562E6CF2-C1E7-4611-A1AC-DD67C0696DFF}.Release|x64.Build.0 = Release|x64
		{562E6CF2-C1E7-4611-A1AC-DD67C0696DFF}.Release|x86.ActiveCfg = Release|Win32
		{562E6CF2-C1E7-4611-A1AC-DD67C0696DFF}.Release|x86.Build.0 = Release|Win32
		{51B28B27-0F84-4797-8AE8-DC301AA48C5F}.Debug|x64.ActiveCfg = Debug|x64
		{51B28B27-0F84-4797-8AE8-DC301AA48C5F}.Debug|x64.Build.0 = Debug|x64
		{51B28B27-0F84-4797-8AE8-DC301AA48C5F}.Debug|x86.ActiveCfg = Debug|Win32
		{51B28B27-0F84-4797-8AE8-DC301AA48C5F}.Debug|x86.Build.0 = Debug|Win32
		{51B28B27-0F84-4797-8AE8-DC301AA48C5F}.Release|x64.ActiveCfg = Release|x64
		{51B28B27-0F84-4797-8AE8-DC301AA48C5F}.Release|x64.Build.0 = Release|x64
		{51B28B27-0F84-4797-8AE8-DC301AA48C5F}.Release|x86.ActiveCfg = Release|Win32
		{51B28B27-0F84-4797-8AE8-DC301AA48C5F}.Release|x86.Build.0 = Release|Win32
	EndGlobalSection
	GlobalSection(SolutionProperties) = preSolution
		HideSolutionNode = FALSE
	EndGlobalSection
	GlobalSection(ExtensibilityGlobals) = postSolution
		SolutionGuid = {94837F30-6B2E-492C-8ABD-DE0ED3277A05}
	EndGlobalSection
EndGlobal
