
Microsoft Visual Studio Solution File, Format Version 12.00
# Visual Studio Version 17
VisualStudioVersion = 17.5.33424.131
MinimumVisualStudioVersion = 10.0.40219.1
Project("{8BC9CEB8-8B4A-11D0-8D11-00A0C91BC942}") = "c++", "c\c.vcxproj", "{09531AC5-71D8-4FE0-85E9-16093D9929A9}"
EndProject
Project("{8BC9CEB8-8B4A-11D0-8D11-00A0C91BC942}") = "作用域运算符", "作用域运算符\作用域运算符.vcxproj", "{B9631388-117F-442F-906F-ADBC2D6A02FB}"
EndProject
Project("{8BC9CEB8-8B4A-11D0-8D11-00A0C91BC942}") = "命名空间使用语法", "命名空间使用语法\命名空间使用语法.vcxproj", "{6A0B37EC-8DCD-42BE-8222-57D5A7A9789F}"
EndProject
Project("{8BC9CEB8-8B4A-11D0-8D11-00A0C91BC942}") = "using的使用", "using的使用\using的使用.vcxproj", "{488CADBE-CC65-4D93-8376-7E265FE86829}"
EndProject
Project("{8BC9CEB8-8B4A-11D0-8D11-00A0C91BC942}") = "c与c++的区别", "c与c++的区别\c与c++的区别.vcxproj", "{3A50692F-D9F4-459F-A88E-5EB6C3AC5FAC}"
EndProject
Global
	GlobalSection(SolutionConfigurationPlatforms) = preSolution
		Debug|x64 = Debug|x64
		Debug|x86 = Debug|x86
		Release|x64 = Release|x64
		Release|x86 = Release|x86
	EndGlobalSection
	GlobalSection(ProjectConfigurationPlatforms) = postSolution
		{09531AC5-71D8-4FE0-85E9-16093D9929A9}.Debug|x64.ActiveCfg = Debug|x64
		{09531AC5-71D8-4FE0-85E9-16093D9929A9}.Debug|x64.Build.0 = Debug|x64
		{09531AC5-71D8-4FE0-85E9-16093D9929A9}.Debug|x86.ActiveCfg = Debug|Win32
		{09531AC5-71D8-4FE0-85E9-16093D9929A9}.Debug|x86.Build.0 = Debug|Win32
		{09531AC5-71D8-4FE0-85E9-16093D9929A9}.Release|x64.ActiveCfg = Release|x64
		{09531AC5-71D8-4FE0-85E9-16093D9929A9}.Release|x64.Build.0 = Release|x64
		{09531AC5-71D8-4FE0-85E9-16093D9929A9}.Release|x86.ActiveCfg = Release|Win32
		{09531AC5-71D8-4FE0-85E9-16093D9929A9}.Release|x86.Build.0 = Release|Win32
		{B9631388-117F-442F-906F-ADBC2D6A02FB}.Debug|x64.ActiveCfg = Debug|x64
		{B9631388-117F-442F-906F-ADBC2D6A02FB}.Debug|x64.Build.0 = Debug|x64
		{B9631388-117F-442F-906F-ADBC2D6A02FB}.Debug|x86.ActiveCfg = Debug|Win32
		{B9631388-117F-442F-906F-ADBC2D6A02FB}.Debug|x86.Build.0 = Debug|Win32
		{B9631388-117F-442F-906F-ADBC2D6A02FB}.Release|x64.ActiveCfg = Release|x64
		{B9631388-117F-442F-906F-ADBC2D6A02FB}.Release|x64.Build.0 = Release|x64
		{B9631388-117F-442F-906F-ADBC2D6A02FB}.Release|x86.ActiveCfg = Release|Win32
		{B9631388-117F-442F-906F-ADBC2D6A02FB}.Release|x86.Build.0 = Release|Win32
		{6A0B37EC-8DCD-42BE-8222-57D5A7A9789F}.Debug|x64.ActiveCfg = Debug|x64
		{6A0B37EC-8DCD-42BE-8222-57D5A7A9789F}.Debug|x64.Build.0 = Debug|x64
		{6A0B37EC-8DCD-42BE-8222-57D5A7A9789F}.Debug|x86.ActiveCfg = Debug|Win32
		{6A0B37EC-8DCD-42BE-8222-57D5A7A9789F}.Debug|x86.Build.0 = Debug|Win32
		{6A0B37EC-8DCD-42BE-8222-57D5A7A9789F}.Release|x64.ActiveCfg = Release|x64
		{6A0B37EC-8DCD-42BE-8222-57D5A7A9789F}.Release|x64.Build.0 = Release|x64
		{6A0B37EC-8DCD-42BE-8222-57D5A7A9789F}.Release|x86.ActiveCfg = Release|Win32
		{6A0B37EC-8DCD-42BE-8222-57D5A7A9789F}.Release|x86.Build.0 = Release|Win32
		{488CADBE-CC65-4D93-8376-7E265FE86829}.Debug|x64.ActiveCfg = Debug|x64
		{488CADBE-CC65-4D93-8376-7E265FE86829}.Debug|x64.Build.0 = Debug|x64
		{488CADBE-CC65-4D93-8376-7E265FE86829}.Debug|x86.ActiveCfg = Debug|Win32
		{488CADBE-CC65-4D93-8376-7E265FE86829}.Debug|x86.Build.0 = Debug|Win32
		{488CADBE-CC65-4D93-8376-7E265FE86829}.Release|x64.ActiveCfg = Release|x64
		{488CADBE-CC65-4D93-8376-7E265FE86829}.Release|x64.Build.0 = Release|x64
		{488CADBE-CC65-4D93-8376-7E265FE86829}.Release|x86.ActiveCfg = Release|Win32
		{488CADBE-CC65-4D93-8376-7E265FE86829}.Release|x86.Build.0 = Release|Win32
		{3A50692F-D9F4-459F-A88E-5EB6C3AC5FAC}.Debug|x64.ActiveCfg = Debug|x64
		{3A50692F-D9F4-459F-A88E-5EB6C3AC5FAC}.Debug|x64.Build.0 = Debug|x64
		{3A50692F-D9F4-459F-A88E-5EB6C3AC5FAC}.Debug|x86.ActiveCfg = Debug|Win32
		{3A50692F-D9F4-459F-A88E-5EB6C3AC5FAC}.Debug|x86.Build.0 = Debug|Win32
		{3A50692F-D9F4-459F-A88E-5EB6C3AC5FAC}.Release|x64.ActiveCfg = Release|x64
		{3A50692F-D9F4-459F-A88E-5EB6C3AC5FAC}.Release|x64.Build.0 = Release|x64
		{3A50692F-D9F4-459F-A88E-5EB6C3AC5FAC}.Release|x86.ActiveCfg = Release|Win32
		{3A50692F-D9F4-459F-A88E-5EB6C3AC5FAC}.Release|x86.Build.0 = Release|Win32
	EndGlobalSection
	GlobalSection(SolutionProperties) = preSolution
		HideSolutionNode = FALSE
	EndGlobalSection
	GlobalSection(ExtensibilityGlobals) = postSolution
		SolutionGuid = {94837F30-6B2E-492C-8ABD-DE0ED3277A05}
	EndGlobalSection
EndGlobal
